
Microsoft Visual Studio Solution File, Format Version 12.00
# Visual Studio 14
VisualStudioVersion = 14.0.24720.0
MinimumVisualStudioVersion = 10.0.40219.1
Project("{FAE04EC0-301F-11D3-BF4B-00C04F79EFBC}") = "TheFool", "TheFool\TheFool.csproj", "{BF3F3DA8-B97B-4585-B7D4-82E6B161C6BC}"
	ProjectSection(ProjectDependencies) = postProject
		{0BBB6AB9-E96A-46F6-AF2C-45532E87AE6B} = {0BBB6AB9-E96A-46F6-AF2C-45532E87AE6B}
	EndProjectSection
EndProject
Project("{FAE04EC0-301F-11D3-BF4B-00C04F79EFBC}") = "Server", "Server\Server.csproj", "{0BBB6AB9-E96A-46F6-AF2C-45532E87AE6B}"
EndProject
Project("{FAE04EC0-301F-11D3-BF4B-00C04F79EFBC}") = "Game", "Game\Game.csproj", "{C0382EB1-5463-4326-9D2E-5F961A277BF5}"
	ProjectSection(ProjectDependencies) = postProject
		{0BBB6AB9-E96A-46F6-AF2C-45532E87AE6B} = {0BBB6AB9-E96A-46F6-AF2C-45532E87AE6B}
	EndProjectSection
EndProject
Global
	GlobalSection(SolutionConfigurationPlatforms) = preSolution
		Debug|Any CPU = Debug|Any CPU
		Release|Any CPU = Release|Any CPU
	EndGlobalSection
	GlobalSection(ProjectConfigurationPlatforms) = postSolution
		{BF3F3DA8-B97B-4585-B7D4-82E6B161C6BC}.Debug|Any CPU.ActiveCfg = Debug|Any CPU
		{BF3F3DA8-B97B-4585-B7D4-82E6B161C6BC}.Debug|Any CPU.Build.0 = Debug|Any CPU
		{BF3F3DA8-B97B-4585-B7D4-82E6B161C6BC}.Release|Any CPU.ActiveCfg = Release|Any CPU
		{BF3F3DA8-B97B-4585-B7D4-82E6B161C6BC}.Release|Any CPU.Build.0 = Release|Any CPU
		{0BBB6AB9-E96A-46F6-AF2C-45532E87AE6B}.Debug|Any CPU.ActiveCfg = Debug|Any CPU
		{0BBB6AB9-E96A-46F6-AF2C-45532E87AE6B}.Debug|Any CPU.Build.0 = Debug|Any CPU
		{0BBB6AB9-E96A-46F6-AF2C-45532E87AE6B}.Release|Any CPU.ActiveCfg = Release|Any CPU
		{0BBB6AB9-E96A-46F6-AF2C-45532E87AE6B}.Release|Any CPU.Build.0 = Release|Any CPU
		{C0382EB1-5463-4326-9D2E-5F961A277BF5}.Debug|Any CPU.ActiveCfg = Debug|Any CPU
		{C0382EB1-5463-4326-9D2E-5F961A277BF5}.Debug|Any CPU.Build.0 = Debug|Any CPU
		{C0382EB1-5463-4326-9D2E-5F961A277BF5}.Release|Any CPU.ActiveCfg = Release|Any CPU
		{C0382EB1-5463-4326-9D2E-5F961A277BF5}.Release|Any CPU.Build.0 = Release|Any CPU
	EndGlobalSection
	GlobalSection(SolutionProperties) = preSolution
		HideSolutionNode = FALSE
	EndGlobalSection
EndGlobal
